// !$*UTF8*$!
{
	archiveVersion = 1;
	classes = {
	};
	objectVersion = 56;
	objects = {

/* Begin PBXBuildFile section */
		2217654D2EB7E68500A283BC /* openssl.swift in Sources */ = {isa = PBXBuildFile; fileRef = 2217654C2EB7E68500A283BC /* openssl.swift */; };
		2217654F2EB7E68600A283BC /* secureEnclave.swift in Sources */ = {isa = PBXBuildFile; fileRef = 2217654E2EB7E68600A283BC /* secureEnclave.swift */; };
		22E60A3C2B8D81ED000F15E4 /* main.swift in Sources */ = {isa = PBXBuildFile; fileRef = 22E60A3B2B8D81ED000F15E4 /* main.swift */; };
		22E60A442B8D821E000F15E4 /* constants.swift in Sources */ = {isa = PBXBuildFile; fileRef = 22E60A432B8D821E000F15E4 /* constants.swift */; };
		22E60A462B8D839A000F15E4 /* subprocesses.swift in Sources */ = {isa = PBXBuildFile; fileRef = 22E60A452B8D839A000F15E4 /* subprocesses.swift */; };
		22E60A482B8D858A000F15E4 /* commands.swift in Sources */ = {isa = PBXBuildFile; fileRef = 22E60A472B8D858A000F15E4 /* commands.swift */; };
/* End PBXBuildFile section */

/* Begin PBXCopyFilesBuildPhase section */
		22E60A362B8D81ED000F15E4 /* CopyFiles */ = {
			isa = PBXCopyFilesBuildPhase;
			buildActionMask = 2147483647;
			dstPath = /usr/share/man/man1/;
			dstSubfolderSpec = 0;
			files = (
			);
			runOnlyForDeploymentPostprocessing = 1;
		};
/* End PBXCopyFilesBuildPhase section */

/* Begin PBXFileReference section */
		2217654C2EB7E68500A283BC /* openssl.swift */ = {isa = PBXFileReference; lastKnownFileType = sourcecode.swift; path = openssl.swift; sourceTree = "<group>"; };
		2217654E2EB7E68600A283BC /* secureEnclave.swift */ = {isa = PBXFileReference; lastKnownFileType = sourcecode.swift; path = secureEnclave.swift; sourceTree = "<group>"; };
		22E60A382B8D81ED000F15E4 /* SDist */ = {isa = PBXFileReference; explicitFileType = "compiled.mach-o.executable"; includeInIndex = 0; path = SDist; sourceTree = BUILT_PRODUCTS_DIR; };
		22E60A3B2B8D81ED000F15E4 /* main.swift */ = {isa = PBXFileReference; lastKnownFileType = sourcecode.swift; path = main.swift; sourceTree = "<group>"; };
		22E60A422B8D81F9000F15E4 /* SDist.entitlements */ = {isa = PBXFileReference; lastKnownFileType = text.plist.entitlements; path = SDist.entitlements; sourceTree = "<group>"; };
		22E60A432B8D821E000F15E4 /* constants.swift */ = {isa = PBXFileReference; lastKnownFileType = sourcecode.swift; path = constants.swift; sourceTree = "<group>"; };
		22E60A452B8D839A000F15E4 /* subprocesses.swift */ = {isa = PBXFileReference; lastKnownFileType = sourcecode.swift; path = subprocesses.swift; sourceTree = "<group>"; };
		22E60A472B8D858A000F15E4 /* commands.swift */ = {isa = PBXFileReference; lastKnownFileType = sourcecode.swift; path = commands.swift; sourceTree = "<group>"; };
/* End PBXFileReference section */

/* Begin PBXFrameworksBuildPhase section */
		22E60A352B8D81ED000F15E4 /* Frameworks */ = {
			isa = PBXFrameworksBuildPhase;
			buildActionMask = 2147483647;
			files = (
			);
			runOnlyForDeploymentPostprocessing = 0;
		};
/* End PBXFrameworksBuildPhase section */

/* Begin PBXGroup section */
		22E60A2F2B8D81ED000F15E4 = {
			isa = PBXGroup;
			children = (
				22E60A3A2B8D81ED000F15E4 /* SDist */,
				22E60A392B8D81ED000F15E4 /* Products */,
			);
			sourceTree = "<group>";
		};
		22E60A392B8D81ED000F15E4 /* Products */ = {
			isa = PBXGroup;
			children = (
				22E60A382B8D81ED000F15E4 /* SDist */,
			);
			name = Products;
			sourceTree = "<group>";
		};
		22E60A3A2B8D81ED000F15E4 /* SDist */ = {
			isa = PBXGroup;
			children = (
				22E60A422B8D81F9000F15E4 /* SDist.entitlements */,
				22E60A3B2B8D81ED000F15E4 /* main.swift */,
				2217654C2EB7E68500A283BC /* openssl.swift */,
				2217654E2EB7E68600A283BC /* secureEnclave.swift */,
				22E60A432B8D821E000F15E4 /* constants.swift */,
				22E60A472B8D858A000F15E4 /* commands.swift */,
				22E60A452B8D839A000F15E4 /* subprocesses.swift */,
			);
			path = SDist;
			sourceTree = "<group>";
		};
/* End PBXGroup section */

/* Begin PBXNativeTarget section */
		22E60A372B8D81ED000F15E4 /* SDist */ = {
			isa = PBXNativeTarget;
			buildConfigurationList = 22E60A3F2B8D81ED000F15E4 /* Build configuration list for PBXNativeTarget "SDist" */;
			buildPhases = (
				22E60A342B8D81ED000F15E4 /* Sources */,
				22E60A352B8D81ED000F15E4 /* Frameworks */,
				22E60A362B8D81ED000F15E4 /* CopyFiles */,
			);
			buildRules = (
			);
			dependencies = (
			);
			name = SDist;
			productName = SDist;
			productReference = 22E60A382B8D81ED000F15E4 /* SDist */;
			productType = "com.apple.product-type.tool";
		};
/* End PBXNativeTarget section */

/* Begin PBXProject section */
		22E60A302B8D81ED000F15E4 /* Project object */ = {
			isa = PBXProject;
			attributes = {
				BuildIndependentTargetsInParallel = 1;
				LastSwiftUpdateCheck = 1520;
				LastUpgradeCheck = 2600;
				TargetAttributes = {
					22E60A372B8D81ED000F15E4 = {
						CreatedOnToolsVersion = 15.2;
					};
				};
			};
			buildConfigurationList = 22E60A332B8D81ED000F15E4 /* Build configuration list for PBXProject "SDist" */;
			compatibilityVersion = "Xcode 14.0";
			developmentRegion = en;
			hasScannedForEncodings = 0;
			knownRegions = (
				en,
				Base,
			);
			mainGroup = 22E60A2F2B8D81ED000F15E4;
			productRefGroup = 22E60A392B8D81ED000F15E4 /* Products */;
			projectDirPath = "";
			projectRoot = "";
			targets = (
				22E60A372B8D81ED000F15E4 /* SDist */,
			);
		};
/* End PBXProject section */

/* Begin PBXSourcesBuildPhase section */
		22E60A342B8D81ED000F15E4 /* Sources */ = {
			isa = PBXSourcesBuildPhase;
			buildActionMask = 2147483647;
			files = (
				22E60A462B8D839A000F15E4 /* subprocesses.swift in Sources */,
				22E60A3C2B8D81ED000F15E4 /* main.swift in Sources */,
				22E60A442B8D821E000F15E4 /* constants.swift in Sources */,
				2217654D2EB7E68500A283BC /* openssl.swift in Sources */,
				2217654F2EB7E68600A283BC /* secureEnclave.swift in Sources */,
				22E60A482B8D858A000F15E4 /* commands.swift in Sources */,
			);
			runOnlyForDeploymentPostprocessing = 0;
		};
/* End PBXSourcesBuildPhase section */

/* Begin XCBuildConfiguration section */
		22E60A3D2B8D81ED000F15E4 /* Debug */ = {
			isa = XCBuildConfiguration;
			buildSettings = {
				ALWAYS_SEARCH_USER_PATHS = NO;
				ASSETCATALOG_COMPILER_GENERATE_SWIFT_ASSET_SYMBOL_EXTENSIONS = YES;
				CLANG_ANALYZER_NONNULL = YES;
				CLANG_ANALYZER_NUMBER_OBJECT_CONVERSION = YES_AGGRESSIVE;
				CLANG_CXX_LANGUAGE_STANDARD = "gnu++20";
				CLANG_ENABLE_MODULES = YES;
				CLANG_ENABLE_OBJC_ARC = YES;
				CLANG_ENABLE_OBJC_WEAK = YES;
				CLANG_WARN_BLOCK_CAPTURE_AUTORELEASING = YES;
				CLANG_WARN_BOOL_CONVERSION = YES;
				CLANG_WARN_COMMA = YES;
				CLANG_WARN_CONSTANT_CONVERSION = YES;
				CLANG_WARN_DEPRECATED_OBJC_IMPLEMENTATIONS = YES;
				CLANG_WARN_DIRECT_OBJC_ISA_USAGE = YES_ERROR;
				CLANG_WARN_DOCUMENTATION_COMMENTS = YES;
				CLANG_WARN_EMPTY_BODY = YES;
				CLANG_WARN_ENUM_CONVERSION = YES;
				CLANG_WARN_INFINITE_RECURSION = YES;
				CLANG_WARN_INT_CONVERSION = YES;
				CLANG_WARN_NON_LITERAL_NULL_CONVERSION = YES;
				CLANG_WARN_OBJC_IMPLICIT_RETAIN_SELF = YES;
				CLANG_WARN_OBJC_LITERAL_CONVERSION = YES;
				CLANG_WARN_OBJC_ROOT_CLASS = YES_ERROR;
				CLANG_WARN_QUOTED_INCLUDE_IN_FRAMEWORK_HEADER = YES;
				CLANG_WARN_RANGE_LOOP_ANALYSIS = YES;
				CLANG_WARN_STRICT_PROTOTYPES = YES;
				CLANG_WARN_SUSPICIOUS_MOVE = YES;
				CLANG_WARN_UNGUARDED_AVAILABILITY = YES_AGGRESSIVE;
				CLANG_WARN_UNREACHABLE_CODE = YES;
				CLANG_WARN__DUPLICATE_METHOD_MATCH = YES;
				COPY_PHASE_STRIP = NO;
				DEAD_CODE_STRIPPING = YES;
				DEBUG_INFORMATION_FORMAT = dwarf;
				DEVELOPMENT_TEAM = 94UPKL8PFC;
				ENABLE_STRICT_OBJC_MSGSEND = YES;
				ENABLE_TESTABILITY = YES;
				ENABLE_USER_SCRIPT_SANDBOXING = YES;
				GCC_C_LANGUAGE_STANDARD = gnu17;
				GCC_DYNAMIC_NO_PIC = NO;
				GCC_NO_COMMON_BLOCKS = YES;
				GCC_OPTIMIZATION_LEVEL = 0;
				GCC_PREPROCESSOR_DEFINITIONS = (
					"DEBUG=1",
					"$(inherited)",
				);
				GCC_WARN_64_TO_32_BIT_CONVERSION = YES;
				GCC_WARN_ABOUT_RETURN_TYPE = YES_ERROR;
				GCC_WARN_UNDECLARED_SELECTOR = YES;
				GCC_WARN_UNINITIALIZED_AUTOS = YES_AGGRESSIVE;
				GCC_WARN_UNUSED_FUNCTION = YES;
				GCC_WARN_UNUSED_VARIABLE = YES;
				LOCALIZATION_PREFERS_STRING_CATALOGS = YES;
				MACOSX_DEPLOYMENT_TARGET = 14.4;
				MTL_ENABLE_DEBUG_INFO = INCLUDE_SOURCE;
				MTL_FAST_MATH = YES;
				ONLY_ACTIVE_ARCH = YES;
				SDKROOT = macosx;
				STRING_CATALOG_GENERATE_SYMBOLS = YES;
				SWIFT_ACTIVE_COMPILATION_CONDITIONS = "DEBUG $(inherited)";
				SWIFT_OPTIMIZATION_LEVEL = "-Onone";
			};
			name = Debug;
		};
		22E60A3E2B8D81ED000F15E4 /* Release */ = {
			isa = XCBuildConfiguration;
			buildSettings = {
				ALWAYS_SEARCH_USER_PATHS = NO;
				ASSETCATALOG_COMPILER_GENERATE_SWIFT_ASSET_SYMBOL_EXTENSIONS = YES;
				CLANG_ANALYZER_NONNULL = YES;
				CLANG_ANALYZER_NUMBER_OBJECT_CONVERSION = YES_AGGRESSIVE;
				CLANG_CXX_LANGUAGE_STANDARD = "gnu++20";
				CLANG_ENABLE_MODULES = YES;
				CLANG_ENABLE_OBJC_ARC = YES;
				CLANG_ENABLE_OBJC_WEAK = YES;
				CLANG_WARN_BLOCK_CAPTURE_AUTORELEASING = YES;
				CLANG_WARN_BOOL_CONVERSION = YES;
				CLANG_WARN_COMMA = YES;
				CLANG_WARN_CONSTANT_CONVERSION = YES;
				CLANG_WARN_DEPRECATED_OBJC_IMPLEMENTATIONS = YES;
				CLANG_WARN_DIRECT_OBJC_ISA_USAGE = YES_ERROR;
				CLANG_WARN_DOCUMENTATION_COMMENTS = YES;
				CLANG_WARN_EMPTY_BODY = YES;
				CLANG_WARN_ENUM_CONVERSION = YES;
				CLANG_WARN_INFINITE_RECURSION = YES;
				CLANG_WARN_INT_CONVERSION = YES;
				CLANG_WARN_NON_LITERAL_NULL_CONVERSION = YES;
				CLANG_WARN_OBJC_IMPLICIT_RETAIN_SELF = YES;
				CLANG_WARN_OBJC_LITERAL_CONVERSION = YES;
				CLANG_WARN_OBJC_ROOT_CLASS = YES_ERROR;
				CLANG_WARN_QUOTED_INCLUDE_IN_FRAMEWORK_HEADER = YES;
				CLANG_WARN_RANGE_LOOP_ANALYSIS = YES;
				CLANG_WARN_STRICT_PROTOTYPES = YES;
				CLANG_WARN_SUSPICIOUS_MOVE = YES;
				CLANG_WARN_UNGUARDED_AVAILABILITY = YES_AGGRESSIVE;
				CLANG_WARN_UNREACHABLE_CODE = YES;
				CLANG_WARN__DUPLICATE_METHOD_MATCH = YES;
				COPY_PHASE_STRIP = NO;
				DEAD_CODE_STRIPPING = YES;
				DEBUG_INFORMATION_FORMAT = "dwarf-with-dsym";
				DEVELOPMENT_TEAM = 94UPKL8PFC;
				ENABLE_NS_ASSERTIONS = NO;
				ENABLE_STRICT_OBJC_MSGSEND = YES;
				ENABLE_USER_SCRIPT_SANDBOXING = YES;
				GCC_C_LANGUAGE_STANDARD = gnu17;
				GCC_NO_COMMON_BLOCKS = YES;
				GCC_WARN_64_TO_32_BIT_CONVERSION = YES;
				GCC_WARN_ABOUT_RETURN_TYPE = YES_ERROR;
				GCC_WARN_UNDECLARED_SELECTOR = YES;
				GCC_WARN_UNINITIALIZED_AUTOS = YES_AGGRESSIVE;
				GCC_WARN_UNUSED_FUNCTION = YES;
				GCC_WARN_UNUSED_VARIABLE = YES;
				LOCALIZATION_PREFERS_STRING_CATALOGS = YES;
				MACOSX_DEPLOYMENT_TARGET = 14.4;
				MTL_ENABLE_DEBUG_INFO = NO;
				MTL_FAST_MATH = YES;
				SDKROOT = macosx;
				STRING_CATALOG_GENERATE_SYMBOLS = YES;
				SWIFT_COMPILATION_MODE = wholemodule;
			};
			name = Release;
		};
		22E60A402B8D81ED000F15E4 /* Debug */ = {
			isa = XCBuildConfiguration;
			buildSettings = {
				CODE_SIGN_ENTITLEMENTS = SDist/SDist.entitlements;
				CODE_SIGN_STYLE = Automatic;
				DEAD_CODE_STRIPPING = YES;
				ENABLE_HARDENED_RUNTIME = NO;
				MACOSX_DEPLOYMENT_TARGET = 13;
				PRODUCT_BUNDLE_IDENTIFIER = SDist;
				"PRODUCT_BUNDLE_IDENTIFIER[sdk=macosx*]" = sdist;
				PRODUCT_NAME = "$(TARGET_NAME)";
				SWIFT_VERSION = 5.0;
			};
			name = Debug;
		};
		22E60A412B8D81ED000F15E4 /* Release */ = {
			isa = XCBuildConfiguration;
			buildSettings = {
				CODE_SIGN_ENTITLEMENTS = SDist/SDist.entitlements;
				CODE_SIGN_STYLE = Automatic;
				DEAD_CODE_STRIPPING = YES;
				ENABLE_HARDENED_RUNTIME = NO;
				MACOSX_DEPLOYMENT_TARGET = 13;
				PRODUCT_BUNDLE_IDENTIFIER = SDist;
				"PRODUCT_BUNDLE_IDENTIFIER[sdk=macosx*]" = sdist;
				PRODUCT_NAME = "$(TARGET_NAME)";
				SWIFT_VERSION = 5.0;
			};
			name = Release;
		};
/* End XCBuildConfiguration section */

/* Begin XCConfigurationList section */
		22E60A332B8D81ED000F15E4 /* Build configuration list for PBXProject "SDist" */ = {
			isa = XCConfigurationList;
			buildConfigurations = (
				22E60A3D2B8D81ED000F15E4 /* Debug */,
				22E60A3E2B8D81ED000F15E4 /* Release */,
			);
			defaultConfigurationIsVisible = 0;
			defaultConfigurationName = Release;
		};
		22E60A3F2B8D81ED000F15E4 /* Build configuration list for PBXNativeTarget "SDist" */ = {
			isa = XCConfigurationList;
			buildConfigurations = (
				22E60A402B8D81ED000F15E4 /* Debug */,
				22E60A412B8D81ED000F15E4 /* Release */,
			);
			defaultConfigurationIsVisible = 0;
			defaultConfigurationName = Release;
		};
/* End XCConfigurationList section */
	};
	rootObject = 22E60A302B8D81ED000F15E4 /* Project object */;
}
